# This file is autogenerated, do not edit; changes may be undone by the next 'dep ensure'.


[[projects]]
  branch = "master"
  name = "github.com/weaming/golib"
  packages = ["fs"]
  revision = "f8e106836347aea6b1de6e40820e205c3db229b6"

[solve-meta]
  analyzer-name = "dep"
  analyzer-version = 1
  inputs-digest = "ae26fa2167876d2547cc8da5f26bd3a86397e31d51f2687ca6bee6f3ce4b4d07"
  solver-name = "gps-cdcl"
  solver-version = 1
